{
  "version": 4,
  "terraform_version": "0.14.5",
  "serial": 29,
  "lineage": "2e72858e-7097-fd85-e125-a6eec7ae972a",
  "outputs": {
    "kubernetes_cluster_host": {
      "value": "34.68.19.168",
      "type": "string"
    },
    "kubernetes_cluster_name": {
      "value": "yougo-projects-gke",
      "type": "string"
    },
    "project_id": {
      "value": "yougo-projects",
      "type": "string"
    },
    "region": {
      "value": "us-central1",
      "type": "string"
    }
  },
  "resources": [
    {
      "mode": "managed",
      "type": "google_compute_network",
      "name": "vpc",
      "provider": "provider[\"registry.terraform.io/hashicorp/google\"]",
      "instances": [
        {
          "schema_version": 0,
          "attributes": {
            "auto_create_subnetworks": false,
            "delete_default_routes_on_create": false,
            "description": "",
            "gateway_ipv4": "",
            "id": "projects/yougo-projects/global/networks/yougo-projects-vpc",
            "mtu": 0,
            "name": "yougo-projects-vpc",
            "project": "yougo-projects",
            "routing_mode": "REGIONAL",
            "self_link": "https://www.googleapis.com/compute/v1/projects/yougo-projects/global/networks/yougo-projects-vpc",
            "timeouts": null
          },
          "sensitive_attributes": []
        }
      ]
    },
    {
      "mode": "managed",
      "type": "google_compute_subnetwork",
      "name": "subnet",
      "provider": "provider[\"registry.terraform.io/hashicorp/google\"]",
      "instances": [
        {
          "schema_version": 0,
          "attributes": {
            "creation_timestamp": "2021-02-04T08:47:38.530-08:00",
            "description": "",
            "fingerprint": null,
            "gateway_address": "10.10.0.1",
            "id": "projects/yougo-projects/regions/us-central1/subnetworks/yougo-projects-subnet",
            "ip_cidr_range": "10.10.0.0/24",
            "log_config": [],
            "name": "yougo-projects-subnet",
            "network": "https://www.googleapis.com/compute/v1/projects/yougo-projects/global/networks/yougo-projects-vpc",
            "private_ip_google_access": false,
            "private_ipv6_google_access": "DISABLE_GOOGLE_ACCESS",
            "project": "yougo-projects",
            "region": "us-central1",
            "secondary_ip_range": [],
            "self_link": "https://www.googleapis.com/compute/v1/projects/yougo-projects/regions/us-central1/subnetworks/yougo-projects-subnet",
            "timeouts": null
          },
          "sensitive_attributes": [],
          "private": "eyJlMmJmYjczMC1lY2FhLTExZTYtOGY4OC0zNDM2M2JjN2M0YzAiOnsiY3JlYXRlIjozNjAwMDAwMDAwMDAsImRlbGV0ZSI6MzYwMDAwMDAwMDAwLCJ1cGRhdGUiOjM2MDAwMDAwMDAwMH19",
          "dependencies": [
            "google_compute_network.vpc"
          ]
        }
      ]
    },
    {
      "mode": "managed",
      "type": "google_container_cluster",
      "name": "primary",
      "provider": "provider[\"registry.terraform.io/hashicorp/google\"]",
      "instances": [
        {
          "schema_version": 1,
          "attributes": {
            "addons_config": [
              {
                "cloudrun_config": [],
                "horizontal_pod_autoscaling": [],
                "http_load_balancing": [],
                "network_policy_config": [
                  {
                    "disabled": true
                  }
                ]
              }
            ],
            "authenticator_groups_config": [],
            "cluster_autoscaling": [
              {
                "auto_provisioning_defaults": [],
                "enabled": false,
                "resource_limits": []
              }
            ],
            "cluster_ipv4_cidr": "10.92.0.0/14",
            "database_encryption": [
              {
                "key_name": "",
                "state": "DECRYPTED"
              }
            ],
            "default_max_pods_per_node": null,
            "description": "",
            "enable_binary_authorization": false,
            "enable_intranode_visibility": null,
            "enable_kubernetes_alpha": false,
            "enable_legacy_abac": false,
            "enable_shielded_nodes": false,
            "enable_tpu": null,
            "endpoint": "34.68.19.168",
            "id": "projects/yougo-projects/locations/us-central1/clusters/yougo-projects-gke",
            "initial_node_count": 1,
            "instance_group_urls": [],
            "ip_allocation_policy": [],
            "label_fingerprint": "a9dc16a7",
            "location": "us-central1",
            "logging_service": "logging.googleapis.com/kubernetes",
            "maintenance_policy": [],
            "master_auth": [
              {
                "client_certificate": "",
                "client_certificate_config": [
                  {
                    "issue_client_certificate": false
                  }
                ],
                "client_key": "",
                "cluster_ca_certificate": "LS0tLS1CRUdJTiBDRVJUSUZJQ0FURS0tLS0tCk1JSURLakNDQWhLZ0F3SUJBZ0lRZTRiKzlkQk5HUDRzWkZ3YjAzdzk0ekFOQmdrcWhraUc5dzBCQVFzRkFEQXYKTVMwd0t3WURWUVFERXlRMFl6UmlOVGRrWmkwNVpXVTVMVFExWVRVdE9UUmhPQzFoWkdFM05EVXdOR1l4TXpJdwpIaGNOTWpFd01qQTBNVFUwT0RBeFdoY05Nall3TWpBek1UWTBPREF4V2pBdk1TMHdLd1lEVlFRREV5UTBZelJpCk5UZGtaaTA1WldVNUxUUTFZVFV0T1RSaE9DMWhaR0UzTkRVd05HWXhNekl3Z2dFaU1BMEdDU3FHU0liM0RRRUIKQVFVQUE0SUJEd0F3Z2dFS0FvSUJBUUN6dVNFSUoya3NMdEd0ZGhhZEVjN1QwZHYwS2cxRWVkYlZUTDcvVWhMdQptbldpNEFabHk0enUyelkrK3Bkek9CdUlyR29acmZLM1BFQ2UybThwMk1rbGJRVzlXWlFvRVVjYVlkL0UrZDNWCjIzK0ZOdk15Sm0rcVkrZHNFb2ppSFdUUm54WUhJa05Ha1pwL2UvOVB3cld3YURYT2pyUG9WbXM1cGExWVRmdSsKWm9aNW9IY05qamtxb2d3UFB5OHduVnc3amRMc2Rub0JpU3Y4Unh2d0QrQStVOUpqbXUxSEZnQWxDRlpLdHJaVgpIb050YWpZQ2tBaWF0cnVnaktqNUlxNFpmcE1tVUMyZnk2UHpIRG1jVGw4RE1NRnZPUCs4ZFZ3Z0l2Z3hsbis1CmUxSHhFbzVpT2dzVGtvNGM0aVcwTUJ1M1EvakZ6WllWMktPZDJ5NndRZ2diQWdNQkFBR2pRakJBTUE0R0ExVWQKRHdFQi93UUVBd0lDQkRBUEJnTlZIUk1CQWY4RUJUQURBUUgvTUIwR0ExVWREZ1FXQkJRY2FJbFFSVDFlc2l3Sgorbjc2OXNvZ3pPVkdVekFOQmdrcWhraUc5dzBCQVFzRkFBT0NBUUVBZ2dBc3F3Nnl5enV1VW5uVlMvSVF1UjRYClZqQWxkY1g4cTU3OS9sUEwyZ1dPMVBNdmFRQmtvd0xVZ1dQaE0yL1hLakJOcXdRd29OU2IzWG11cGJkMys5YUcKVHNxaGZ6UUptZEdpa0tyWXppcTRMRFdtREIwOWI4TlB5TWtzM0RjTEdmT2R2bktLUFZkWEExcTlXYVd3d3VYcApCYU9WMEtRbUJrWncxNEV0VXNSLzFxTG1jMjJWRHVoU09zaXcrN1IrUElQOG55WU5ycjFLVHFzVzhoVUdLaXJRCmhhbkk0YXh1cFZyMEFWNFZmcXMwMmE4VlhvZDVTSFFDeE9zdHNUTWUrUHVnQ2dHMDVxT0FDQXNnc0sreW5tbjIKeWJvRzlIWER1MEhVV0RZWExaT21EaVBqUlgwOGIzTCs5OS9zMTdqQ2c1anhqZmlUS3RCR0VEOTZVdXBYTHc9PQotLS0tLUVORCBDRVJUSUZJQ0FURS0tLS0tCg==",
                "password": "",
                "username": ""
              }
            ],
            "master_authorized_networks_config": [],
            "master_version": "1.17.14-gke.1600",
            "min_master_version": null,
            "monitoring_service": "monitoring.googleapis.com/kubernetes",
            "name": "yougo-projects-gke",
            "network": "projects/yougo-projects/global/networks/yougo-projects-vpc",
            "network_policy": [
              {
                "enabled": false,
                "provider": "PROVIDER_UNSPECIFIED"
              }
            ],
            "node_config": [],
            "node_locations": [
              "us-central1-b",
              "us-central1-c",
              "us-central1-f"
            ],
            "node_pool": [],
            "node_version": "1.17.14-gke.1600",
            "operation": null,
            "pod_security_policy_config": [],
            "private_cluster_config": [],
            "project": "yougo-projects",
            "release_channel": [
              {
                "channel": "REGULAR"
              }
            ],
            "remove_default_node_pool": true,
            "resource_labels": null,
            "resource_usage_export_config": [],
            "self_link": "https://container.googleapis.com/v1beta1/projects/yougo-projects/locations/us-central1/clusters/yougo-projects-gke",
            "services_ipv4_cidr": "10.95.240.0/20",
            "subnetwork": "projects/yougo-projects/regions/us-central1/subnetworks/yougo-projects-subnet",
            "timeouts": null,
            "vertical_pod_autoscaling": [],
            "workload_identity_config": []
          },
          "sensitive_attributes": [],
          "private": "eyJlMmJmYjczMC1lY2FhLTExZTYtOGY4OC0zNDM2M2JjN2M0YzAiOnsiY3JlYXRlIjoyNDAwMDAwMDAwMDAwLCJkZWxldGUiOjI0MDAwMDAwMDAwMDAsInJlYWQiOjI0MDAwMDAwMDAwMDAsInVwZGF0ZSI6MzYwMDAwMDAwMDAwMH0sInNjaGVtYV92ZXJzaW9uIjoiMSJ9",
          "dependencies": [
            "google_compute_network.vpc",
            "google_compute_subnetwork.subnet"
          ]
        }
      ]
    },
    {
      "mode": "managed",
      "type": "google_container_node_pool",
      "name": "primary_nodes",
      "provider": "provider[\"registry.terraform.io/hashicorp/google\"]",
      "instances": [
        {
          "schema_version": 1,
          "attributes": {
            "autoscaling": [],
            "cluster": "yougo-projects-gke",
            "id": "projects/yougo-projects/locations/us-central1/clusters/yougo-projects-gke/nodePools/yougo-projects-gke-node-pool",
            "initial_node_count": 1,
            "instance_group_urls": [
              "https://www.googleapis.com/compute/v1/projects/yougo-projects/zones/us-central1-c/instanceGroupManagers/gke-yougo-projects-g-yougo-projects-g-e5b341b0-grp",
              "https://www.googleapis.com/compute/v1/projects/yougo-projects/zones/us-central1-f/instanceGroupManagers/gke-yougo-projects-g-yougo-projects-g-6eaae485-grp",
              "https://www.googleapis.com/compute/v1/projects/yougo-projects/zones/us-central1-b/instanceGroupManagers/gke-yougo-projects-g-yougo-projects-g-e8eec4ea-grp"
            ],
            "location": "us-central1",
            "management": [
              {
                "auto_repair": true,
                "auto_upgrade": true
              }
            ],
            "max_pods_per_node": null,
            "name": "yougo-projects-gke-node-pool",
            "name_prefix": "",
            "node_config": [
              {
                "disk_size_gb": 100,
                "disk_type": "pd-standard",
                "guest_accelerator": [],
                "image_type": "COS",
                "labels": {
                  "env": "yougo-projects"
                },
                "local_ssd_count": 0,
                "machine_type": "n1-standard-1",
                "metadata": {
                  "disable-legacy-endpoints": "true"
                },
                "min_cpu_platform": "",
                "oauth_scopes": [
                  "https://www.googleapis.com/auth/logging.write",
                  "https://www.googleapis.com/auth/monitoring"
                ],
                "preemptible": true,
                "service_account": "default",
                "shielded_instance_config": [
                  {
                    "enable_integrity_monitoring": true,
                    "enable_secure_boot": false
                  }
                ],
                "tags": [
                  "gke-node",
                  "yougo-projects-gke"
                ],
                "taint": [],
                "workload_metadata_config": []
              }
            ],
            "node_count": 1,
            "node_locations": [
              "us-central1-b",
              "us-central1-c",
              "us-central1-f"
            ],
            "project": "yougo-projects",
            "timeouts": null,
            "upgrade_settings": [
              {
                "max_surge": 1,
                "max_unavailable": 0
              }
            ],
            "version": "1.17.14-gke.1600"
          },
          "sensitive_attributes": [],
          "private": "eyJlMmJmYjczMC1lY2FhLTExZTYtOGY4OC0zNDM2M2JjN2M0YzAiOnsiY3JlYXRlIjoxODAwMDAwMDAwMDAwLCJkZWxldGUiOjE4MDAwMDAwMDAwMDAsInVwZGF0ZSI6MTgwMDAwMDAwMDAwMH0sInNjaGVtYV92ZXJzaW9uIjoiMSJ9",
          "dependencies": [
            "google_compute_network.vpc",
            "google_compute_subnetwork.subnet",
            "google_container_cluster.primary"
          ]
        }
      ]
    }
  ]
}
